<?xml version="1.0" encoding="UTF-8"?>
<CodeBlocks_project_file>
	<FileVersion major="1" minor="6"/>
	<Project>
		<Option title="superResolution"/>
		<Option makefile_is_custom="1"/>
		<Option compiler="gcc"/>
		<Option virtualFolders="CMake Files\;"/>
		<Build>
			<Target title="all">
				<Option working_dir="/home/ioneliab/CLionProjects/superResolution"/>
				<Option type="4"/>
				<MakeCommands>
					<Build command="/usr/bin/make -f &quot;/home/ioneliab/CLionProjects/superResolution/Makefile&quot;  VERBOSE=1 all"/>
					<CompileFile command="/usr/bin/make -f &quot;/home/ioneliab/CLionProjects/superResolution/Makefile&quot;  VERBOSE=1 &quot;$file&quot;"/>
					<Clean command="/usr/bin/make -f &quot;/home/ioneliab/CLionProjects/superResolution/Makefile&quot;  VERBOSE=1 clean"/>
					<DistClean command="/usr/bin/make -f &quot;/home/ioneliab/CLionProjects/superResolution/Makefile&quot;  VERBOSE=1 clean"/>
				</MakeCommands>
			</Target>
			<Target title="edit_cache">
				<Option working_dir="/home/ioneliab/CLionProjects/superResolution"/>
				<Option type="4"/>
				<MakeCommands>
					<Build command="/usr/bin/make -f &quot;/home/ioneliab/CLionProjects/superResolution/Makefile&quot;  VERBOSE=1 edit_cache"/>
					<CompileFile command="/usr/bin/make -f &quot;/home/ioneliab/CLionProjects/superResolution/Makefile&quot;  VERBOSE=1 &quot;$file&quot;"/>
					<Clean command="/usr/bin/make -f &quot;/home/ioneliab/CLionProjects/superResolution/Makefile&quot;  VERBOSE=1 clean"/>
					<DistClean command="/usr/bin/make -f &quot;/home/ioneliab/CLionProjects/superResolution/Makefile&quot;  VERBOSE=1 clean"/>
				</MakeCommands>
			</Target>
			<Target title="rebuild_cache">
				<Option working_dir="/home/ioneliab/CLionProjects/superResolution"/>
				<Option type="4"/>
				<MakeCommands>
					<Build command="/usr/bin/make -f &quot;/home/ioneliab/CLionProjects/superResolution/Makefile&quot;  VERBOSE=1 rebuild_cache"/>
					<CompileFile command="/usr/bin/make -f &quot;/home/ioneliab/CLionProjects/superResolution/Makefile&quot;  VERBOSE=1 &quot;$file&quot;"/>
					<Clean command="/usr/bin/make -f &quot;/home/ioneliab/CLionProjects/superResolution/Makefile&quot;  VERBOSE=1 clean"/>
					<DistClean command="/usr/bin/make -f &quot;/home/ioneliab/CLionProjects/superResolution/Makefile&quot;  VERBOSE=1 clean"/>
				</MakeCommands>
			</Target>
			<Target title="superResolution">
				<Option output="/home/ioneliab/CLionProjects/superResolution/superResolution" prefix_auto="0" extension_auto="0"/>
				<Option working_dir="/home/ioneliab/CLionProjects/superResolution"/>
				<Option object_output="./"/>
				<Option type="1"/>
				<Option compiler="gcc"/>
				<Compiler/>
				<MakeCommands>
					<Build command="/usr/bin/make -f &quot;/home/ioneliab/CLionProjects/superResolution/Makefile&quot;  VERBOSE=1 superResolution"/>
					<CompileFile command="/usr/bin/make -f &quot;/home/ioneliab/CLionProjects/superResolution/Makefile&quot;  VERBOSE=1 &quot;$file&quot;"/>
					<Clean command="/usr/bin/make -f &quot;/home/ioneliab/CLionProjects/superResolution/Makefile&quot;  VERBOSE=1 clean"/>
					<DistClean command="/usr/bin/make -f &quot;/home/ioneliab/CLionProjects/superResolution/Makefile&quot;  VERBOSE=1 clean"/>
				</MakeCommands>
			</Target>
			<Target title="superResolution/fast">
				<Option output="/home/ioneliab/CLionProjects/superResolution/superResolution" prefix_auto="0" extension_auto="0"/>
				<Option working_dir="/home/ioneliab/CLionProjects/superResolution"/>
				<Option object_output="./"/>
				<Option type="1"/>
				<Option compiler="gcc"/>
				<Compiler/>
				<MakeCommands>
					<Build command="/usr/bin/make -f &quot;/home/ioneliab/CLionProjects/superResolution/Makefile&quot;  VERBOSE=1 superResolution/fast"/>
					<CompileFile command="/usr/bin/make -f &quot;/home/ioneliab/CLionProjects/superResolution/Makefile&quot;  VERBOSE=1 &quot;$file&quot;"/>
					<Clean command="/usr/bin/make -f &quot;/home/ioneliab/CLionProjects/superResolution/Makefile&quot;  VERBOSE=1 clean"/>
					<DistClean command="/usr/bin/make -f &quot;/home/ioneliab/CLionProjects/superResolution/Makefile&quot;  VERBOSE=1 clean"/>
				</MakeCommands>
			</Target>
		</Build>
		<Unit filename="/home/ioneliab/CLionProjects/superResolution/src/layer.cpp">
			<Option target="superResolution"/>
		</Unit>
		<Unit filename="/home/ioneliab/CLionProjects/superResolution/src/main.cpp">
			<Option target="superResolution"/>
		</Unit>
		<Unit filename="/home/ioneliab/CLionProjects/superResolution/src/matrix.cpp">
			<Option target="superResolution"/>
		</Unit>
		<Unit filename="/home/ioneliab/CLionProjects/superResolution/src/neuron.cpp">
			<Option target="superResolution"/>
		</Unit>
		<Unit filename="/home/ioneliab/CLionProjects/superResolution/CMakeLists.txt">
			<Option virtualFolder="CMake Files\"/>
		</Unit>
	</Project>
</CodeBlocks_project_file>
